
Microsoft Visual Studio Solution File, Format Version 12.00
# Visual Studio Version 16
VisualStudioVersion = 16.0.32929.386
MinimumVisualStudioVersion = 10.0.40219.1
Project("{8BC9CEB8-8B4A-11D0-8D11-00A0C91BC942}") = "3.10（自己来干BSTree）", "3.10（自己来干BSTree）.vcxproj", "{D5C624D3-A72F-4AF1-B9E7-D5759077A0D5}"
EndProject
Global
	GlobalSection(SolutionConfigurationPlatforms) = preSolution
		Debug|x64 = Debug|x64
		Debug|x86 = Debug|x86
		Release|x64 = Release|x64
		Release|x86 = Release|x86
	EndGlobalSection
	GlobalSection(ProjectConfigurationPlatforms) = postSolution
		{D5C624D3-A72F-4AF1-B9E7-D5759077A0D5}.Debug|x64.ActiveCfg = Debug|x64
		{D5C624D3-A72F-4AF1-B9E7-D5759077A0D5}.Debug|x64.Build.0 = Debug|x64
		{D5C624D3-A72F-4AF1-B9E7-D5759077A0D5}.Debug|x86.ActiveCfg = Debug|Win32
		{D5C624D3-A72F-4AF1-B9E7-D5759077A0D5}.Debug|x86.Build.0 = Debug|Win32
		{D5C624D3-A72F-4AF1-B9E7-D5759077A0D5}.Release|x64.ActiveCfg = Release|x64
		{D5C624D3-A72F-4AF1-B9E7-D5759077A0D5}.Release|x64.Build.0 = Release|x64
		{D5C624D3-A72F-4AF1-B9E7-D5759077A0D5}.Release|x86.ActiveCfg = Release|Win32
		{D5C624D3-A72F-4AF1-B9E7-D5759077A0D5}.Release|x86.Build.0 = Release|Win32
	EndGlobalSection
	GlobalSection(SolutionProperties) = preSolution
		HideSolutionNode = FALSE
	EndGlobalSection
	GlobalSection(ExtensibilityGlobals) = postSolution
		SolutionGuid = {A03D4BEA-AD69-4586-9372-DA337458C6DE}
	EndGlobalSection
EndGlobal
